PODS:
  - Cosmos (23.0.0)
  - FocusTvButton (3.0.0)
  - ParallaxView (3.1.2)
  - SDWebImage (5.12.5):
    - SDWebImage/Core (= 5.12.5)
  - SDWebImage/Core (5.12.5)
  - SwifterSwift/UIKit (5.2.0)
  - TvOSCustomizableTableViewCell (2.0.0):
    - ZattooGradientView (~> 1.0.0)
  - TvOSTextViewer (1.3.0)
  - ZattooGradientView (1.0.0)

DEPENDENCIES:
  - Cosmos
  - FocusTvButton
  - ParallaxView
  - SDWebImage
  - SwifterSwift/UIKit
  - TvOSCustomizableTableViewCell
  - TvOSTextViewer

SPEC REPOS:
  trunk:
    - Cosmos
    - FocusTvButton
    - ParallaxView
    - SDWebImage
    - SwifterSwift
    - TvOSCustomizableTableViewCell
    - TvOSTextViewer
    - ZattooGradientView

SPEC CHECKSUMS:
  Cosmos: b5c6a9a637e28a061b54c8f8b1d8529d7d4db73f
  FocusTvButton: 028a088a4a0ac382f2e3c0c45dbd2a420dee98af
  ParallaxView: 1a97d3ff4752f1b1009b30c96235cee3221db012
  SDWebImage: 0905f1b7760fc8ac4198cae0036600d67478751e
  SwifterSwift: 334181863c416882d97b7a60c05054d9e4d799e2
  TvOSCustomizableTableViewCell: 50bcd0fe24f2f5360e5678a374a530cb5d41f182
  TvOSTextViewer: c1a0c64286931e663d131dc680f908bcfa36e214
  ZattooGradientView: 5ef6c93d60e080e7335d4e144d2ea7b623aa9b52

PODFILE CHECKSUM: 9888925ac1a43b29200aaf26dc89f92681493698

COCOAPODS: 1.11.3
